
Microsoft Visual Studio Solution File, Format Version 12.00
# Visual Studio 15
VisualStudioVersion = 15.0.35319.79
MinimumVisualStudioVersion = 10.0.40219.1
Project("{FAE04EC0-301F-11D3-BF4B-00C04F79EFBC}") = "AsalSayiToplami", "AsalSayiToplami\AsalSayiToplami.csproj", "{FC643155-B8C8-4653-87E6-EDF24E52BECB}"
EndProject
Global
	GlobalSection(SolutionConfigurationPlatforms) = preSolution
		Debug|Any CPU = Debug|Any CPU
		Release|Any CPU = Release|Any CPU
	EndGlobalSection
	GlobalSection(ProjectConfigurationPlatforms) = postSolution
		{FC643155-B8C8-4653-87E6-EDF24E52BECB}.Debug|Any CPU.ActiveCfg = Debug|Any CPU
		{FC643155-B8C8-4653-87E6-EDF24E52BECB}.Debug|Any CPU.Build.0 = Debug|Any CPU
		{FC643155-B8C8-4653-87E6-EDF24E52BECB}.Release|Any CPU.ActiveCfg = Release|Any CPU
		{FC643155-B8C8-4653-87E6-EDF24E52BECB}.Release|Any CPU.Build.0 = Release|Any CPU
	EndGlobalSection
	GlobalSection(SolutionProperties) = preSolution
		HideSolutionNode = FALSE
	EndGlobalSection
	GlobalSection(ExtensibilityGlobals) = postSolution
		SolutionGuid = {AF6DB7EB-EC36-4CC8-9076-410F4BA7F7A7}
	EndGlobalSection
EndGlobal
